
Microsoft Visual Studio Solution File, Format Version 12.00
# Visual Studio Version 17
VisualStudioVersion = 17.13.35931.197 d17.13
MinimumVisualStudioVersion = 10.0.40219.1
Project("{FAE04EC0-301F-11D3-BF4B-00C04F79EFBC}") = "Api.Application", "Api.Application\Api.Application.csproj", "{F437824A-D9F8-4473-9FEF-C67C96F3C864}"
EndProject
Project("{FAE04EC0-301F-11D3-BF4B-00C04F79EFBC}") = "Api.Domain", "Api.Domain\Api.Domain.csproj", "{4085A5AC-BF43-438A-A8A7-A4E8F3C236EE}"
EndProject
Project("{FAE04EC0-301F-11D3-BF4B-00C04F79EFBC}") = "Api.CrossCutting", "Api.CrossCutting\Api.CrossCutting.csproj", "{3993C4FB-12AB-4A34-9220-A60159F9E57F}"
EndProject
Project("{FAE04EC0-301F-11D3-BF4B-00C04F79EFBC}") = "Api.Data", "Api.Data\Api.Data.csproj", "{07C2B612-02AA-4B89-B0F6-F821B557E4FA}"
EndProject
Global
	GlobalSection(SolutionConfigurationPlatforms) = preSolution
		Debug|Any CPU = Debug|Any CPU
		Release|Any CPU = Release|Any CPU
	EndGlobalSection
	GlobalSection(ProjectConfigurationPlatforms) = postSolution
		{F437824A-D9F8-4473-9FEF-C67C96F3C864}.Debug|Any CPU.ActiveCfg = Debug|Any CPU
		{F437824A-D9F8-4473-9FEF-C67C96F3C864}.Debug|Any CPU.Build.0 = Debug|Any CPU
		{F437824A-D9F8-4473-9FEF-C67C96F3C864}.Release|Any CPU.ActiveCfg = Release|Any CPU
		{F437824A-D9F8-4473-9FEF-C67C96F3C864}.Release|Any CPU.Build.0 = Release|Any CPU
		{4085A5AC-BF43-438A-A8A7-A4E8F3C236EE}.Debug|Any CPU.ActiveCfg = Debug|Any CPU
		{4085A5AC-BF43-438A-A8A7-A4E8F3C236EE}.Debug|Any CPU.Build.0 = Debug|Any CPU
		{4085A5AC-BF43-438A-A8A7-A4E8F3C236EE}.Release|Any CPU.ActiveCfg = Release|Any CPU
		{4085A5AC-BF43-438A-A8A7-A4E8F3C236EE}.Release|Any CPU.Build.0 = Release|Any CPU
		{3993C4FB-12AB-4A34-9220-A60159F9E57F}.Debug|Any CPU.ActiveCfg = Debug|Any CPU
		{3993C4FB-12AB-4A34-9220-A60159F9E57F}.Debug|Any CPU.Build.0 = Debug|Any CPU
		{3993C4FB-12AB-4A34-9220-A60159F9E57F}.Release|Any CPU.ActiveCfg = Release|Any CPU
		{3993C4FB-12AB-4A34-9220-A60159F9E57F}.Release|Any CPU.Build.0 = Release|Any CPU
		{07C2B612-02AA-4B89-B0F6-F821B557E4FA}.Debug|Any CPU.ActiveCfg = Debug|Any CPU
		{07C2B612-02AA-4B89-B0F6-F821B557E4FA}.Debug|Any CPU.Build.0 = Debug|Any CPU
		{07C2B612-02AA-4B89-B0F6-F821B557E4FA}.Release|Any CPU.ActiveCfg = Release|Any CPU
		{07C2B612-02AA-4B89-B0F6-F821B557E4FA}.Release|Any CPU.Build.0 = Release|Any CPU
	EndGlobalSection
	GlobalSection(SolutionProperties) = preSolution
		HideSolutionNode = FALSE
	EndGlobalSection
	GlobalSection(ExtensibilityGlobals) = postSolution
		SolutionGuid = {7FA23351-C6AE-4355-869D-DDDC0D22D808}
	EndGlobalSection
EndGlobal
